
Microsoft Visual Studio Solution File, Format Version 12.00
# Visual Studio 14
VisualStudioVersion = 14.0.25420.1
MinimumVisualStudioVersion = 10.0.40219.1
Project("{8BC9CEB8-8B4A-11D0-8D11-00A0C91BC942}") = "QMetaOrm", "QMetaOrm.vcxproj", "{5538E952-F5AB-3D6F-9154-5E9E4FC5F3B1}"
EndProject
Project("{2150E333-8FDC-42A3-9474-1A3956D46DE8}") = "Tests", "Tests", "{6AC8BEE8-C801-434D-B763-26C0662D3D2E}"
EndProject
Project("{8BC9CEB8-8B4A-11D0-8D11-00A0C91BC942}") = "ManualTest", "test\ManualTest\ManualTest.vcxproj", "{60C12B66-D34C-323D-91CF-4C31FFFE64C6}"
	ProjectSection(ProjectDependencies) = postProject
		{5538E952-F5AB-3D6F-9154-5E9E4FC5F3B1} = {5538E952-F5AB-3D6F-9154-5E9E4FC5F3B1}
	EndProjectSection
EndProject
Project("{8BC9CEB8-8B4A-11D0-8D11-00A0C91BC942}") = "SessionIT", "test\SessionIT\SessionIT.vcxproj", "{279D0C32-5234-3644-9D2D-30E0902CAFF2}"
	ProjectSection(ProjectDependencies) = postProject
		{5538E952-F5AB-3D6F-9154-5E9E4FC5F3B1} = {5538E952-F5AB-3D6F-9154-5E9E4FC5F3B1}
	EndProjectSection
EndProject
Project("{8BC9CEB8-8B4A-11D0-8D11-00A0C91BC942}") = "MetaEntityTest", "test\MetaEntityTest\MetaEntityTest.vcxproj", "{BD7D1A6E-0441-318B-A394-F6AB6432C4AE}"
EndProject
Project("{8BC9CEB8-8B4A-11D0-8D11-00A0C91BC942}") = "EntityMapperTest", "test\EntityMapperTest\EntityMapperTest.vcxproj", "{8531EB79-0113-30AF-9AD1-2CC0954EA72C}"
EndProject
Global
	GlobalSection(SolutionConfigurationPlatforms) = preSolution
		Debug|Win32 = Debug|Win32
		Release|Win32 = Release|Win32
	EndGlobalSection
	GlobalSection(ProjectConfigurationPlatforms) = postSolution
		{5538E952-F5AB-3D6F-9154-5E9E4FC5F3B1}.Debug|Win32.ActiveCfg = Debug|Win32
		{5538E952-F5AB-3D6F-9154-5E9E4FC5F3B1}.Debug|Win32.Build.0 = Debug|Win32
		{5538E952-F5AB-3D6F-9154-5E9E4FC5F3B1}.Release|Win32.ActiveCfg = Release|Win32
		{5538E952-F5AB-3D6F-9154-5E9E4FC5F3B1}.Release|Win32.Build.0 = Release|Win32
		{60C12B66-D34C-323D-91CF-4C31FFFE64C6}.Debug|Win32.ActiveCfg = Debug|Win32
		{60C12B66-D34C-323D-91CF-4C31FFFE64C6}.Debug|Win32.Build.0 = Debug|Win32
		{60C12B66-D34C-323D-91CF-4C31FFFE64C6}.Release|Win32.ActiveCfg = Release|Win32
		{60C12B66-D34C-323D-91CF-4C31FFFE64C6}.Release|Win32.Build.0 = Release|Win32
		{279D0C32-5234-3644-9D2D-30E0902CAFF2}.Debug|Win32.ActiveCfg = Debug|Win32
		{279D0C32-5234-3644-9D2D-30E0902CAFF2}.Debug|Win32.Build.0 = Debug|Win32
		{279D0C32-5234-3644-9D2D-30E0902CAFF2}.Release|Win32.ActiveCfg = Release|Win32
		{279D0C32-5234-3644-9D2D-30E0902CAFF2}.Release|Win32.Build.0 = Release|Win32
		{BD7D1A6E-0441-318B-A394-F6AB6432C4AE}.Debug|Win32.ActiveCfg = Debug|Win32
		{BD7D1A6E-0441-318B-A394-F6AB6432C4AE}.Debug|Win32.Build.0 = Debug|Win32
		{BD7D1A6E-0441-318B-A394-F6AB6432C4AE}.Release|Win32.ActiveCfg = Release|Win32
		{BD7D1A6E-0441-318B-A394-F6AB6432C4AE}.Release|Win32.Build.0 = Release|Win32
		{8531EB79-0113-30AF-9AD1-2CC0954EA72C}.Debug|Win32.ActiveCfg = Debug|Win32
		{8531EB79-0113-30AF-9AD1-2CC0954EA72C}.Debug|Win32.Build.0 = Debug|Win32
		{8531EB79-0113-30AF-9AD1-2CC0954EA72C}.Release|Win32.ActiveCfg = Release|Win32
		{8531EB79-0113-30AF-9AD1-2CC0954EA72C}.Release|Win32.Build.0 = Release|Win32
	EndGlobalSection
	GlobalSection(SolutionProperties) = preSolution
		HideSolutionNode = FALSE
	EndGlobalSection
	GlobalSection(NestedProjects) = preSolution
		{60C12B66-D34C-323D-91CF-4C31FFFE64C6} = {6AC8BEE8-C801-434D-B763-26C0662D3D2E}
		{279D0C32-5234-3644-9D2D-30E0902CAFF2} = {6AC8BEE8-C801-434D-B763-26C0662D3D2E}
		{BD7D1A6E-0441-318B-A394-F6AB6432C4AE} = {6AC8BEE8-C801-434D-B763-26C0662D3D2E}
		{8531EB79-0113-30AF-9AD1-2CC0954EA72C} = {6AC8BEE8-C801-434D-B763-26C0662D3D2E}
	EndGlobalSection
EndGlobal
